
Microsoft Visual Studio Solution File, Format Version 12.00
# Visual Studio Version 17
VisualStudioVersion = 17.9.34310.174
MinimumVisualStudioVersion = 10.0.40219.1
Project("{9A19103F-16F7-4668-BE54-9A1E7A4F7556}") = "TranChiVi_Bai1", "TranChiVi_ThiCK_CTDLGT\TranChiVi_Bai1.csproj", "{B51D629B-1B7E-4AB5-AC36-9CD50FEB27E8}"
EndProject
Project("{9A19103F-16F7-4668-BE54-9A1E7A4F7556}") = "TranChiVi_Bai3", "TranChiVi_Bai3\TranChiVi_Bai3.csproj", "{ED8912F0-C2F3-4E93-8898-8ADD081B4A5F}"
EndProject
Project("{9A19103F-16F7-4668-BE54-9A1E7A4F7556}") = "TranChiVi_Bai4", "TranChiVi_Bai4\TranChiVi_Bai4.csproj", "{B57F1101-71ED-4532-B14E-1EAFE774CE6B}"
EndProject
Project("{9A19103F-16F7-4668-BE54-9A1E7A4F7556}") = "TranChiVi_Bai5", "TranChiVi_Bai5\TranChiVi_Bai5.csproj", "{CBC64976-C472-4BB9-A153-977EF9AA2573}"
EndProject
Project("{9A19103F-16F7-4668-BE54-9A1E7A4F7556}") = "TranChiVi_Bai6", "TranChiVi_Bai6\TranChiVi_Bai6.csproj", "{707FDBC7-F811-4E3F-A256-79D07C099C75}"
EndProject
Project("{FAE04EC0-301F-11D3-BF4B-00C04F79EFBC}") = "TranChiVi_Bai2", "TranChiVi_Bai2\TranChiVi_Bai2.csproj", "{AB0E27F3-B379-491A-A26D-DF341332C89E}"
EndProject
Global
	GlobalSection(SolutionConfigurationPlatforms) = preSolution
		Debug|Any CPU = Debug|Any CPU
		Release|Any CPU = Release|Any CPU
	EndGlobalSection
	GlobalSection(ProjectConfigurationPlatforms) = postSolution
		{B51D629B-1B7E-4AB5-AC36-9CD50FEB27E8}.Debug|Any CPU.ActiveCfg = Debug|Any CPU
		{B51D629B-1B7E-4AB5-AC36-9CD50FEB27E8}.Debug|Any CPU.Build.0 = Debug|Any CPU
		{B51D629B-1B7E-4AB5-AC36-9CD50FEB27E8}.Release|Any CPU.ActiveCfg = Release|Any CPU
		{B51D629B-1B7E-4AB5-AC36-9CD50FEB27E8}.Release|Any CPU.Build.0 = Release|Any CPU
		{ED8912F0-C2F3-4E93-8898-8ADD081B4A5F}.Debug|Any CPU.ActiveCfg = Debug|Any CPU
		{ED8912F0-C2F3-4E93-8898-8ADD081B4A5F}.Debug|Any CPU.Build.0 = Debug|Any CPU
		{ED8912F0-C2F3-4E93-8898-8ADD081B4A5F}.Release|Any CPU.ActiveCfg = Release|Any CPU
		{ED8912F0-C2F3-4E93-8898-8ADD081B4A5F}.Release|Any CPU.Build.0 = Release|Any CPU
		{B57F1101-71ED-4532-B14E-1EAFE774CE6B}.Debug|Any CPU.ActiveCfg = Debug|Any CPU
		{B57F1101-71ED-4532-B14E-1EAFE774CE6B}.Debug|Any CPU.Build.0 = Debug|Any CPU
		{B57F1101-71ED-4532-B14E-1EAFE774CE6B}.Release|Any CPU.ActiveCfg = Release|Any CPU
		{B57F1101-71ED-4532-B14E-1EAFE774CE6B}.Release|Any CPU.Build.0 = Release|Any CPU
		{CBC64976-C472-4BB9-A153-977EF9AA2573}.Debug|Any CPU.ActiveCfg = Debug|Any CPU
		{CBC64976-C472-4BB9-A153-977EF9AA2573}.Debug|Any CPU.Build.0 = Debug|Any CPU
		{CBC64976-C472-4BB9-A153-977EF9AA2573}.Release|Any CPU.ActiveCfg = Release|Any CPU
		{CBC64976-C472-4BB9-A153-977EF9AA2573}.Release|Any CPU.Build.0 = Release|Any CPU
		{707FDBC7-F811-4E3F-A256-79D07C099C75}.Debug|Any CPU.ActiveCfg = Debug|Any CPU
		{707FDBC7-F811-4E3F-A256-79D07C099C75}.Debug|Any CPU.Build.0 = Debug|Any CPU
		{707FDBC7-F811-4E3F-A256-79D07C099C75}.Release|Any CPU.ActiveCfg = Release|Any CPU
		{707FDBC7-F811-4E3F-A256-79D07C099C75}.Release|Any CPU.Build.0 = Release|Any CPU
		{AB0E27F3-B379-491A-A26D-DF341332C89E}.Debug|Any CPU.ActiveCfg = Debug|Any CPU
		{AB0E27F3-B379-491A-A26D-DF341332C89E}.Debug|Any CPU.Build.0 = Debug|Any CPU
		{AB0E27F3-B379-491A-A26D-DF341332C89E}.Release|Any CPU.ActiveCfg = Release|Any CPU
		{AB0E27F3-B379-491A-A26D-DF341332C89E}.Release|Any CPU.Build.0 = Release|Any CPU
	EndGlobalSection
	GlobalSection(SolutionProperties) = preSolution
		HideSolutionNode = FALSE
	EndGlobalSection
	GlobalSection(ExtensibilityGlobals) = postSolution
		SolutionGuid = {CAADB9BE-1EDA-46B4-8714-FDEFC86018CA}
	EndGlobalSection
EndGlobal
